
Microsoft Visual Studio Solution File, Format Version 12.00
# Visual Studio Version 17
VisualStudioVersion = 17.7.34031.279
MinimumVisualStudioVersion = 10.0.40219.1
Project("{8BC9CEB8-8B4A-11D0-8D11-00A0C91BC942}") = "signals_and_systems_1", "signals_and_systems_1.vcxproj", "{B3A15366-6A2A-4C3B-93A6-65EF54217C88}"
EndProject
Global
	GlobalSection(SolutionConfigurationPlatforms) = preSolution
		Debug|x64 = Debug|x64
		Debug|x86 = Debug|x86
		Release|x64 = Release|x64
		Release|x86 = Release|x86
	EndGlobalSection
	GlobalSection(ProjectConfigurationPlatforms) = postSolution
		{B3A15366-6A2A-4C3B-93A6-65EF54217C88}.Debug|x64.ActiveCfg = Debug|x64
		{B3A15366-6A2A-4C3B-93A6-65EF54217C88}.Debug|x64.Build.0 = Debug|x64
		{B3A15366-6A2A-4C3B-93A6-65EF54217C88}.Debug|x86.ActiveCfg = Debug|Win32
		{B3A15366-6A2A-4C3B-93A6-65EF54217C88}.Debug|x86.Build.0 = Debug|Win32
		{B3A15366-6A2A-4C3B-93A6-65EF54217C88}.Release|x64.ActiveCfg = Release|x64
		{B3A15366-6A2A-4C3B-93A6-65EF54217C88}.Release|x64.Build.0 = Release|x64
		{B3A15366-6A2A-4C3B-93A6-65EF54217C88}.Release|x86.ActiveCfg = Release|Win32
		{B3A15366-6A2A-4C3B-93A6-65EF54217C88}.Release|x86.Build.0 = Release|Win32
	EndGlobalSection
	GlobalSection(SolutionProperties) = preSolution
		HideSolutionNode = FALSE
	EndGlobalSection
	GlobalSection(ExtensibilityGlobals) = postSolution
		SolutionGuid = {1E90D4A1-23D5-4ECF-B71B-4EB6E8ACAA2A}
	EndGlobalSection
EndGlobal
